// !$*UTF8*$!
{
	archiveVersion = 1;
	classes = {
	};
	objectVersion = 77;
	objects = {

/* Begin PBXBuildFile section */
		19C263B82D07E47300A3E992 /* WidgetKit.framework in Frameworks */ = {isa = PBXBuildFile; fileRef = 19C263B72D07E47300A3E992 /* WidgetKit.framework */; };
		19C263BA2D07E47300A3E992 /* SwiftUI.framework in Frameworks */ = {isa = PBXBuildFile; fileRef = 19C263B92D07E47300A3E992 /* SwiftUI.framework */; };
		19C263CB2D07E47500A3E992 /* MementoMoriWidgetExtension.appex in Embed Foundation Extensions */ = {isa = PBXBuildFile; fileRef = 19C263B52D07E47300A3E992 /* MementoMoriWidgetExtension.appex */; settings = {ATTRIBUTES = (RemoveHeadersOnCopy, ); }; };
/* End PBXBuildFile section */

/* Begin PBXContainerItemProxy section */
		19C2638D2D07221100A3E992 /* PBXContainerItemProxy */ = {
			isa = PBXContainerItemProxy;
			containerPortal = 19C263722D07220F00A3E992 /* Project object */;
			proxyType = 1;
			remoteGlobalIDString = 19C263792D07220F00A3E992;
			remoteInfo = "Memento Mori";
		};
		19C263972D07221100A3E992 /* PBXContainerItemProxy */ = {
			isa = PBXContainerItemProxy;
			containerPortal = 19C263722D07220F00A3E992 /* Project object */;
			proxyType = 1;
			remoteGlobalIDString = 19C263792D07220F00A3E992;
			remoteInfo = "Memento Mori";
		};
		19C263C92D07E47500A3E992 /* PBXContainerItemProxy */ = {
			isa = PBXContainerItemProxy;
			containerPortal = 19C263722D07220F00A3E992 /* Project object */;
			proxyType = 1;
			remoteGlobalIDString = 19C263B42D07E47300A3E992;
			remoteInfo = MementoMoriWidgetExtension;
		};
/* End PBXContainerItemProxy section */

/* Begin PBXCopyFilesBuildPhase section */
		19C263D02D07E47500A3E992 /* Embed Foundation Extensions */ = {
			isa = PBXCopyFilesBuildPhase;
			buildActionMask = 2147483647;
			dstPath = "";
			dstSubfolderSpec = 13;
			files = (
				19C263CB2D07E47500A3E992 /* MementoMoriWidgetExtension.appex in Embed Foundation Extensions */,
			);
			name = "Embed Foundation Extensions";
			runOnlyForDeploymentPostprocessing = 0;
		};
/* End PBXCopyFilesBuildPhase section */

/* Begin PBXFileReference section */
		19C2637A2D07220F00A3E992 /* Memento Mori.app */ = {isa = PBXFileReference; explicitFileType = wrapper.application; includeInIndex = 0; path = "Memento Mori.app"; sourceTree = BUILT_PRODUCTS_DIR; };
		19C2638C2D07221100A3E992 /* Memento MoriTests.xctest */ = {isa = PBXFileReference; explicitFileType = wrapper.cfbundle; includeInIndex = 0; path = "Memento MoriTests.xctest"; sourceTree = BUILT_PRODUCTS_DIR; };
		19C263962D07221100A3E992 /* Memento MoriUITests.xctest */ = {isa = PBXFileReference; explicitFileType = wrapper.cfbundle; includeInIndex = 0; path = "Memento MoriUITests.xctest"; sourceTree = BUILT_PRODUCTS_DIR; };
		19C263B52D07E47300A3E992 /* MementoMoriWidgetExtension.appex */ = {isa = PBXFileReference; explicitFileType = "wrapper.app-extension"; includeInIndex = 0; path = MementoMoriWidgetExtension.appex; sourceTree = BUILT_PRODUCTS_DIR; };
		19C263B72D07E47300A3E992 /* WidgetKit.framework */ = {isa = PBXFileReference; lastKnownFileType = wrapper.framework; name = WidgetKit.framework; path = System/Library/Frameworks/WidgetKit.framework; sourceTree = SDKROOT; };
		19C263B92D07E47300A3E992 /* SwiftUI.framework */ = {isa = PBXFileReference; lastKnownFileType = wrapper.framework; name = SwiftUI.framework; path = System/Library/Frameworks/SwiftUI.framework; sourceTree = SDKROOT; };
		19C263D22D07E8EB00A3E992 /* MementoMoriWidgetExtension.entitlements */ = {isa = PBXFileReference; lastKnownFileType = text.plist.entitlements; path = MementoMoriWidgetExtension.entitlements; sourceTree = "<group>"; };
/* End PBXFileReference section */

/* Begin PBXFileSystemSynchronizedBuildFileExceptionSet section */
		19C263CC2D07E47500A3E992 /* Exceptions for "MementoMoriWidget" folder in "MementoMoriWidgetExtension" target */ = {
			isa = PBXFileSystemSynchronizedBuildFileExceptionSet;
			membershipExceptions = (
				Info.plist,
			);
			target = 19C263B42D07E47300A3E992 /* MementoMoriWidgetExtension */;
		};
/* End PBXFileSystemSynchronizedBuildFileExceptionSet section */

/* Begin PBXFileSystemSynchronizedRootGroup section */
		19C2637C2D07220F00A3E992 /* Memento Mori */ = {
			isa = PBXFileSystemSynchronizedRootGroup;
			path = "Memento Mori";
			sourceTree = "<group>";
		};
		19C2638F2D07221100A3E992 /* Memento MoriTests */ = {
			isa = PBXFileSystemSynchronizedRootGroup;
			path = "Memento MoriTests";
			sourceTree = "<group>";
		};
		19C263992D07221100A3E992 /* Memento MoriUITests */ = {
			isa = PBXFileSystemSynchronizedRootGroup;
			path = "Memento MoriUITests";
			sourceTree = "<group>";
		};
		19C263BB2D07E47300A3E992 /* MementoMoriWidget */ = {
			isa = PBXFileSystemSynchronizedRootGroup;
			exceptions = (
				19C263CC2D07E47500A3E992 /* Exceptions for "MementoMoriWidget" folder in "MementoMoriWidgetExtension" target */,
			);
			path = MementoMoriWidget;
			sourceTree = "<group>";
		};
/* End PBXFileSystemSynchronizedRootGroup section */

/* Begin PBXFrameworksBuildPhase section */
		19C263772D07220F00A3E992 /* Frameworks */ = {
			isa = PBXFrameworksBuildPhase;
			buildActionMask = 2147483647;
			files = (
			);
			runOnlyForDeploymentPostprocessing = 0;
		};
		19C263892D07221100A3E992 /* Frameworks */ = {
			isa = PBXFrameworksBuildPhase;
			buildActionMask = 2147483647;
			files = (
			);
			runOnlyForDeploymentPostprocessing = 0;
		};
		19C263932D07221100A3E992 /* Frameworks */ = {
			isa = PBXFrameworksBuildPhase;
			buildActionMask = 2147483647;
			files = (
			);
			runOnlyForDeploymentPostprocessing = 0;
		};
		19C263B22D07E47300A3E992 /* Frameworks */ = {
			isa = PBXFrameworksBuildPhase;
			buildActionMask = 2147483647;
			files = (
				19C263BA2D07E47300A3E992 /* SwiftUI.framework in Frameworks */,
				19C263B82D07E47300A3E992 /* WidgetKit.framework in Frameworks */,
			);
			runOnlyForDeploymentPostprocessing = 0;
		};
/* End PBXFrameworksBuildPhase section */

/* Begin PBXGroup section */
		19C263712D07220F00A3E992 = {
			isa = PBXGroup;
			children = (
				19C263D22D07E8EB00A3E992 /* MementoMoriWidgetExtension.entitlements */,
				19C2637C2D07220F00A3E992 /* Memento Mori */,
				19C2638F2D07221100A3E992 /* Memento MoriTests */,
				19C263992D07221100A3E992 /* Memento MoriUITests */,
				19C263BB2D07E47300A3E992 /* MementoMoriWidget */,
				19C263B62D07E47300A3E992 /* Frameworks */,
				19C2637B2D07220F00A3E992 /* Products */,
			);
			sourceTree = "<group>";
		};
		19C2637B2D07220F00A3E992 /* Products */ = {
			isa = PBXGroup;
			children = (
				19C2637A2D07220F00A3E992 /* Memento Mori.app */,
				19C2638C2D07221100A3E992 /* Memento MoriTests.xctest */,
				19C263962D07221100A3E992 /* Memento MoriUITests.xctest */,
				19C263B52D07E47300A3E992 /* MementoMoriWidgetExtension.appex */,
			);
			name = Products;
			sourceTree = "<group>";
		};
		19C263B62D07E47300A3E992 /* Frameworks */ = {
			isa = PBXGroup;
			children = (
				19C263B72D07E47300A3E992 /* WidgetKit.framework */,
				19C263B92D07E47300A3E992 /* SwiftUI.framework */,
			);
			name = Frameworks;
			sourceTree = "<group>";
		};
/* End PBXGroup section */

/* Begin PBXNativeTarget section */
		19C263792D07220F00A3E992 /* Memento Mori */ = {
			isa = PBXNativeTarget;
			buildConfigurationList = 19C263A02D07221100A3E992 /* Build configuration list for PBXNativeTarget "Memento Mori" */;
			buildPhases = (
				19C263762D07220F00A3E992 /* Sources */,
				19C263772D07220F00A3E992 /* Frameworks */,
				19C263782D07220F00A3E992 /* Resources */,
				19C263D02D07E47500A3E992 /* Embed Foundation Extensions */,
			);
			buildRules = (
			);
			dependencies = (
				19C263CA2D07E47500A3E992 /* PBXTargetDependency */,
			);
			fileSystemSynchronizedGroups = (
				19C2637C2D07220F00A3E992 /* Memento Mori */,
			);
			name = "Memento Mori";
			packageProductDependencies = (
			);
			productName = "Memento Mori";
			productReference = 19C2637A2D07220F00A3E992 /* Memento Mori.app */;
			productType = "com.apple.product-type.application";
		};
		19C2638B2D07221100A3E992 /* Memento MoriTests */ = {
			isa = PBXNativeTarget;
			buildConfigurationList = 19C263A32D07221100A3E992 /* Build configuration list for PBXNativeTarget "Memento MoriTests" */;
			buildPhases = (
				19C263882D07221100A3E992 /* Sources */,
				19C263892D07221100A3E992 /* Frameworks */,
				19C2638A2D07221100A3E992 /* Resources */,
			);
			buildRules = (
			);
			dependencies = (
				19C2638E2D07221100A3E992 /* PBXTargetDependency */,
			);
			fileSystemSynchronizedGroups = (
				19C2638F2D07221100A3E992 /* Memento MoriTests */,
			);
			name = "Memento MoriTests";
			packageProductDependencies = (
			);
			productName = "Memento MoriTests";
			productReference = 19C2638C2D07221100A3E992 /* Memento MoriTests.xctest */;
			productType = "com.apple.product-type.bundle.unit-test";
		};
		19C263952D07221100A3E992 /* Memento MoriUITests */ = {
			isa = PBXNativeTarget;
			buildConfigurationList = 19C263A62D07221100A3E992 /* Build configuration list for PBXNativeTarget "Memento MoriUITests" */;
			buildPhases = (
				19C263922D07221100A3E992 /* Sources */,
				19C263932D07221100A3E992 /* Frameworks */,
				19C263942D07221100A3E992 /* Resources */,
			);
			buildRules = (
			);
			dependencies = (
				19C263982D07221100A3E992 /* PBXTargetDependency */,
			);
			fileSystemSynchronizedGroups = (
				19C263992D07221100A3E992 /* Memento MoriUITests */,
			);
			name = "Memento MoriUITests";
			packageProductDependencies = (
			);
			productName = "Memento MoriUITests";
			productReference = 19C263962D07221100A3E992 /* Memento MoriUITests.xctest */;
			productType = "com.apple.product-type.bundle.ui-testing";
		};
		19C263B42D07E47300A3E992 /* MementoMoriWidgetExtension */ = {
			isa = PBXNativeTarget;
			buildConfigurationList = 19C263CD2D07E47500A3E992 /* Build configuration list for PBXNativeTarget "MementoMoriWidgetExtension" */;
			buildPhases = (
				19C263B12D07E47300A3E992 /* Sources */,
				19C263B22D07E47300A3E992 /* Frameworks */,
				19C263B32D07E47300A3E992 /* Resources */,
			);
			buildRules = (
			);
			dependencies = (
			);
			fileSystemSynchronizedGroups = (
				19C263BB2D07E47300A3E992 /* MementoMoriWidget */,
			);
			name = MementoMoriWidgetExtension;
			packageProductDependencies = (
			);
			productName = MementoMoriWidgetExtension;
			productReference = 19C263B52D07E47300A3E992 /* MementoMoriWidgetExtension.appex */;
			productType = "com.apple.product-type.app-extension";
		};
/* End PBXNativeTarget section */

/* Begin PBXProject section */
		19C263722D07220F00A3E992 /* Project object */ = {
			isa = PBXProject;
			attributes = {
				BuildIndependentTargetsInParallel = 1;
				LastSwiftUpdateCheck = 1610;
				LastUpgradeCheck = 1610;
				TargetAttributes = {
					19C263792D07220F00A3E992 = {
						CreatedOnToolsVersion = 16.1;
					};
					19C2638B2D07221100A3E992 = {
						CreatedOnToolsVersion = 16.1;
						TestTargetID = 19C263792D07220F00A3E992;
					};
					19C263952D07221100A3E992 = {
						CreatedOnToolsVersion = 16.1;
						TestTargetID = 19C263792D07220F00A3E992;
					};
					19C263B42D07E47300A3E992 = {
						CreatedOnToolsVersion = 16.1;
					};
				};
			};
			buildConfigurationList = 19C263752D07220F00A3E992 /* Build configuration list for PBXProject "Memento Mori" */;
			developmentRegion = en;
			hasScannedForEncodings = 0;
			knownRegions = (
				en,
				Base,
			);
			mainGroup = 19C263712D07220F00A3E992;
			minimizedProjectReferenceProxies = 1;
			preferredProjectObjectVersion = 77;
			productRefGroup = 19C2637B2D07220F00A3E992 /* Products */;
			projectDirPath = "";
			projectRoot = "";
			targets = (
				19C263792D07220F00A3E992 /* Memento Mori */,
				19C2638B2D07221100A3E992 /* Memento MoriTests */,
				19C263952D07221100A3E992 /* Memento MoriUITests */,
				19C263B42D07E47300A3E992 /* MementoMoriWidgetExtension */,
			);
		};
/* End PBXProject section */

/* Begin PBXResourcesBuildPhase section */
		19C263782D07220F00A3E992 /* Resources */ = {
			isa = PBXResourcesBuildPhase;
			buildActionMask = 2147483647;
			files = (
			);
			runOnlyForDeploymentPostprocessing = 0;
		};
		19C2638A2D07221100A3E992 /* Resources */ = {
			isa = PBXResourcesBuildPhase;
			buildActionMask = 2147483647;
			files = (
			);
			runOnlyForDeploymentPostprocessing = 0;
		};
		19C263942D07221100A3E992 /* Resources */ = {
			isa = PBXResourcesBuildPhase;
			buildActionMask = 2147483647;
			files = (
			);
			runOnlyForDeploymentPostprocessing = 0;
		};
		19C263B32D07E47300A3E992 /* Resources */ = {
			isa = PBXResourcesBuildPhase;
			buildActionMask = 2147483647;
			files = (
			);
			runOnlyForDeploymentPostprocessing = 0;
		};
/* End PBXResourcesBuildPhase section */

/* Begin PBXSourcesBuildPhase section */
		19C263762D07220F00A3E992 /* Sources */ = {
			isa = PBXSourcesBuildPhase;
			buildActionMask = 2147483647;
			files = (
			);
			runOnlyForDeploymentPostprocessing = 0;
		};
		19C263882D07221100A3E992 /* Sources */ = {
			isa = PBXSourcesBuildPhase;
			buildActionMask = 2147483647;
			files = (
			);
			runOnlyForDeploymentPostprocessing = 0;
		};
		19C263922D07221100A3E992 /* Sources */ = {
			isa = PBXSourcesBuildPhase;
			buildActionMask = 2147483647;
			files = (
			);
			runOnlyForDeploymentPostprocessing = 0;
		};
		19C263B12D07E47300A3E992 /* Sources */ = {
			isa = PBXSourcesBuildPhase;
			buildActionMask = 2147483647;
			files = (
			);
			runOnlyForDeploymentPostprocessing = 0;
		};
/* End PBXSourcesBuildPhase section */

/* Begin PBXTargetDependency section */
		19C2638E2D07221100A3E992 /* PBXTargetDependency */ = {
			isa = PBXTargetDependency;
			target = 19C263792D07220F00A3E992 /* Memento Mori */;
			targetProxy = 19C2638D2D07221100A3E992 /* PBXContainerItemProxy */;
		};
		19C263982D07221100A3E992 /* PBXTargetDependency */ = {
			isa = PBXTargetDependency;
			target = 19C263792D07220F00A3E992 /* Memento Mori */;
			targetProxy = 19C263972D07221100A3E992 /* PBXContainerItemProxy */;
		};
		19C263CA2D07E47500A3E992 /* PBXTargetDependency */ = {
			isa = PBXTargetDependency;
			target = 19C263B42D07E47300A3E992 /* MementoMoriWidgetExtension */;
			targetProxy = 19C263C92D07E47500A3E992 /* PBXContainerItemProxy */;
		};
/* End PBXTargetDependency section */

/* Begin XCBuildConfiguration section */
		19C2639E2D07221100A3E992 /* Debug */ = {
			isa = XCBuildConfiguration;
			buildSettings = {
				ALWAYS_SEARCH_USER_PATHS = NO;
				ASSETCATALOG_COMPILER_GENERATE_SWIFT_ASSET_SYMBOL_EXTENSIONS = YES;
				CLANG_ANALYZER_NONNULL = YES;
				CLANG_ANALYZER_NUMBER_OBJECT_CONVERSION = YES_AGGRESSIVE;
				CLANG_CXX_LANGUAGE_STANDARD = "gnu++20";
				CLANG_ENABLE_MODULES = YES;
				CLANG_ENABLE_OBJC_ARC = YES;
				CLANG_ENABLE_OBJC_WEAK = YES;
				CLANG_WARN_BLOCK_CAPTURE_AUTORELEASING = YES;
				CLANG_WARN_BOOL_CONVERSION = YES;
				CLANG_WARN_COMMA = YES;
				CLANG_WARN_CONSTANT_CONVERSION = YES;
				CLANG_WARN_DEPRECATED_OBJC_IMPLEMENTATIONS = YES;
				CLANG_WARN_DIRECT_OBJC_ISA_USAGE = YES_ERROR;
				CLANG_WARN_DOCUMENTATION_COMMENTS = YES;
				CLANG_WARN_EMPTY_BODY = YES;
				CLANG_WARN_ENUM_CONVERSION = YES;
				CLANG_WARN_INFINITE_RECURSION = YES;
				CLANG_WARN_INT_CONVERSION = YES;
				CLANG_WARN_NON_LITERAL_NULL_CONVERSION = YES;
				CLANG_WARN_OBJC_IMPLICIT_RETAIN_SELF = YES;
				CLANG_WARN_OBJC_LITERAL_CONVERSION = YES;
				CLANG_WARN_OBJC_ROOT_CLASS = YES_ERROR;
				CLANG_WARN_QUOTED_INCLUDE_IN_FRAMEWORK_HEADER = YES;
				CLANG_WARN_RANGE_LOOP_ANALYSIS = YES;
				CLANG_WARN_STRICT_PROTOTYPES = YES;
				CLANG_WARN_SUSPICIOUS_MOVE = YES;
				CLANG_WARN_UNGUARDED_AVAILABILITY = YES_AGGRESSIVE;
				CLANG_WARN_UNREACHABLE_CODE = YES;
				CLANG_WARN__DUPLICATE_METHOD_MATCH = YES;
				COPY_PHASE_STRIP = NO;
				DEBUG_INFORMATION_FORMAT = dwarf;
				ENABLE_STRICT_OBJC_MSGSEND = YES;
				ENABLE_TESTABILITY = YES;
				ENABLE_USER_SCRIPT_SANDBOXING = YES;
				GCC_C_LANGUAGE_STANDARD = gnu17;
				GCC_DYNAMIC_NO_PIC = NO;
				GCC_NO_COMMON_BLOCKS = YES;
				GCC_OPTIMIZATION_LEVEL = 0;
				GCC_PREPROCESSOR_DEFINITIONS = (
					"DEBUG=1",
					"$(inherited)",
				);
				GCC_WARN_64_TO_32_BIT_CONVERSION = YES;
				GCC_WARN_ABOUT_RETURN_TYPE = YES_ERROR;
				GCC_WARN_UNDECLARED_SELECTOR = YES;
				GCC_WARN_UNINITIALIZED_AUTOS = YES_AGGRESSIVE;
				GCC_WARN_UNUSED_FUNCTION = YES;
				GCC_WARN_UNUSED_VARIABLE = YES;
				IPHONEOS_DEPLOYMENT_TARGET = 18.1;
				LOCALIZATION_PREFERS_STRING_CATALOGS = YES;
				MTL_ENABLE_DEBUG_INFO = INCLUDE_SOURCE;
				MTL_FAST_MATH = YES;
				ONLY_ACTIVE_ARCH = YES;
				SDKROOT = iphoneos;
				SWIFT_ACTIVE_COMPILATION_CONDITIONS = "DEBUG $(inherited)";
				SWIFT_OPTIMIZATION_LEVEL = "-Onone";
			};
			name = Debug;
		};
		19C2639F2D07221100A3E992 /* Release */ = {
			isa = XCBuildConfiguration;
			buildSettings = {
				ALWAYS_SEARCH_USER_PATHS = NO;
				ASSETCATALOG_COMPILER_GENERATE_SWIFT_ASSET_SYMBOL_EXTENSIONS = YES;
				CLANG_ANALYZER_NONNULL = YES;
				CLANG_ANALYZER_NUMBER_OBJECT_CONVERSION = YES_AGGRESSIVE;
				CLANG_CXX_LANGUAGE_STANDARD = "gnu++20";
				CLANG_ENABLE_MODULES = YES;
				CLANG_ENABLE_OBJC_ARC = YES;
				CLANG_ENABLE_OBJC_WEAK = YES;
				CLANG_WARN_BLOCK_CAPTURE_AUTORELEASING = YES;
				CLANG_WARN_BOOL_CONVERSION = YES;
				CLANG_WARN_COMMA = YES;
				CLANG_WARN_CONSTANT_CONVERSION = YES;
				CLANG_WARN_DEPRECATED_OBJC_IMPLEMENTATIONS = YES;
				CLANG_WARN_DIRECT_OBJC_ISA_USAGE = YES_ERROR;
				CLANG_WARN_DOCUMENTATION_COMMENTS = YES;
				CLANG_WARN_EMPTY_BODY = YES;
				CLANG_WARN_ENUM_CONVERSION = YES;
				CLANG_WARN_INFINITE_RECURSION = YES;
				CLANG_WARN_INT_CONVERSION = YES;
				CLANG_WARN_NON_LITERAL_NULL_CONVERSION = YES;
				CLANG_WARN_OBJC_IMPLICIT_RETAIN_SELF = YES;
				CLANG_WARN_OBJC_LITERAL_CONVERSION = YES;
				CLANG_WARN_OBJC_ROOT_CLASS = YES_ERROR;
				CLANG_WARN_QUOTED_INCLUDE_IN_FRAMEWORK_HEADER = YES;
				CLANG_WARN_RANGE_LOOP_ANALYSIS = YES;
				CLANG_WARN_STRICT_PROTOTYPES = YES;
				CLANG_WARN_SUSPICIOUS_MOVE = YES;
				CLANG_WARN_UNGUARDED_AVAILABILITY = YES_AGGRESSIVE;
				CLANG_WARN_UNREACHABLE_CODE = YES;
				CLANG_WARN__DUPLICATE_METHOD_MATCH = YES;
				COPY_PHASE_STRIP = NO;
				DEBUG_INFORMATION_FORMAT = "dwarf-with-dsym";
				ENABLE_NS_ASSERTIONS = NO;
				ENABLE_STRICT_OBJC_MSGSEND = YES;
				ENABLE_USER_SCRIPT_SANDBOXING = YES;
				GCC_C_LANGUAGE_STANDARD = gnu17;
				GCC_NO_COMMON_BLOCKS = YES;
				GCC_WARN_64_TO_32_BIT_CONVERSION = YES;
				GCC_WARN_ABOUT_RETURN_TYPE = YES_ERROR;
				GCC_WARN_UNDECLARED_SELECTOR = YES;
				GCC_WARN_UNINITIALIZED_AUTOS = YES_AGGRESSIVE;
				GCC_WARN_UNUSED_FUNCTION = YES;
				GCC_WARN_UNUSED_VARIABLE = YES;
				IPHONEOS_DEPLOYMENT_TARGET = 18.1;
				LOCALIZATION_PREFERS_STRING_CATALOGS = YES;
				MTL_ENABLE_DEBUG_INFO = NO;
				MTL_FAST_MATH = YES;
				SDKROOT = iphoneos;
				SWIFT_COMPILATION_MODE = wholemodule;
				VALIDATE_PRODUCT = YES;
			};
			name = Release;
		};
		19C263A12D07221100A3E992 /* Debug */ = {
			isa = XCBuildConfiguration;
			buildSettings = {
				ASSETCATALOG_COMPILER_APPICON_NAME = AppIcon;
				ASSETCATALOG_COMPILER_GLOBAL_ACCENT_COLOR_NAME = AccentColor;
				CODE_SIGN_ENTITLEMENTS = "Memento Mori/Memento Mori.entitlements";
				CODE_SIGN_STYLE = Automatic;
				CURRENT_PROJECT_VERSION = 1;
				DEVELOPMENT_ASSET_PATHS = "\"Memento Mori/Preview Content\"";
				DEVELOPMENT_TEAM = V7HLP74XY3;
				ENABLE_PREVIEWS = YES;
				GENERATE_INFOPLIST_FILE = YES;
				INFOPLIST_KEY_UIApplicationSceneManifest_Generation = YES;
				INFOPLIST_KEY_UIApplicationSupportsIndirectInputEvents = YES;
				INFOPLIST_KEY_UILaunchScreen_Generation = YES;
				INFOPLIST_KEY_UISupportedInterfaceOrientations_iPad = "UIInterfaceOrientationPortrait UIInterfaceOrientationPortraitUpsideDown UIInterfaceOrientationLandscapeLeft UIInterfaceOrientationLandscapeRight";
				INFOPLIST_KEY_UISupportedInterfaceOrientations_iPhone = "UIInterfaceOrientationPortrait UIInterfaceOrientationLandscapeLeft UIInterfaceOrientationLandscapeRight";
				LD_RUNPATH_SEARCH_PATHS = (
					"$(inherited)",
					"@executable_path/Frameworks",
				);
				MARKETING_VERSION = 1.0;
				PRODUCT_BUNDLE_IDENTIFIER = "com.csideproductions.Memento-Mori";
				PRODUCT_NAME = "$(TARGET_NAME)";
				SWIFT_EMIT_LOC_STRINGS = YES;
				SWIFT_VERSION = 5.0;
				TARGETED_DEVICE_FAMILY = "1,2";
			};
			name = Debug;
		};
		19C263A22D07221100A3E992 /* Release */ = {
			isa = XCBuildConfiguration;
			buildSettings = {
				ASSETCATALOG_COMPILER_APPICON_NAME = AppIcon;
				ASSETCATALOG_COMPILER_GLOBAL_ACCENT_COLOR_NAME = AccentColor;
				CODE_SIGN_ENTITLEMENTS = "Memento Mori/Memento Mori.entitlements";
				CODE_SIGN_STYLE = Automatic;
				CURRENT_PROJECT_VERSION = 1;
				DEVELOPMENT_ASSET_PATHS = "\"Memento Mori/Preview Content\"";
				DEVELOPMENT_TEAM = V7HLP74XY3;
				ENABLE_PREVIEWS = YES;
				GENERATE_INFOPLIST_FILE = YES;
				INFOPLIST_KEY_UIApplicationSceneManifest_Generation = YES;
				INFOPLIST_KEY_UIApplicationSupportsIndirectInputEvents = YES;
				INFOPLIST_KEY_UILaunchScreen_Generation = YES;
				INFOPLIST_KEY_UISupportedInterfaceOrientations_iPad = "UIInterfaceOrientationPortrait UIInterfaceOrientationPortraitUpsideDown UIInterfaceOrientationLandscapeLeft UIInterfaceOrientationLandscapeRight";
				INFOPLIST_KEY_UISupportedInterfaceOrientations_iPhone = "UIInterfaceOrientationPortrait UIInterfaceOrientationLandscapeLeft UIInterfaceOrientationLandscapeRight";
				LD_RUNPATH_SEARCH_PATHS = (
					"$(inherited)",
					"@executable_path/Frameworks",
				);
				MARKETING_VERSION = 1.0;
				PRODUCT_BUNDLE_IDENTIFIER = "com.csideproductions.Memento-Mori";
				PRODUCT_NAME = "$(TARGET_NAME)";
				SWIFT_EMIT_LOC_STRINGS = YES;
				SWIFT_VERSION = 5.0;
				TARGETED_DEVICE_FAMILY = "1,2";
			};
			name = Release;
		};
		19C263A42D07221100A3E992 /* Debug */ = {
			isa = XCBuildConfiguration;
			buildSettings = {
				BUNDLE_LOADER = "$(TEST_HOST)";
				CODE_SIGN_STYLE = Automatic;
				CURRENT_PROJECT_VERSION = 1;
				DEVELOPMENT_TEAM = V7HLP74XY3;
				GENERATE_INFOPLIST_FILE = YES;
				IPHONEOS_DEPLOYMENT_TARGET = 18.1;
				MARKETING_VERSION = 1.0;
				PRODUCT_BUNDLE_IDENTIFIER = "com.csideproductions.Memento-MoriTests";
				PRODUCT_NAME = "$(TARGET_NAME)";
				SWIFT_EMIT_LOC_STRINGS = NO;
				SWIFT_VERSION = 5.0;
				TARGETED_DEVICE_FAMILY = "1,2";
				TEST_HOST = "$(BUILT_PRODUCTS_DIR)/Memento Mori.app/$(BUNDLE_EXECUTABLE_FOLDER_PATH)/Memento Mori";
			};
			name = Debug;
		};
		19C263A52D07221100A3E992 /* Release */ = {
			isa = XCBuildConfiguration;
			buildSettings = {
				BUNDLE_LOADER = "$(TEST_HOST)";
				CODE_SIGN_STYLE = Automatic;
				CURRENT_PROJECT_VERSION = 1;
				DEVELOPMENT_TEAM = V7HLP74XY3;
				GENERATE_INFOPLIST_FILE = YES;
				IPHONEOS_DEPLOYMENT_TARGET = 18.1;
				MARKETING_VERSION = 1.0;
				PRODUCT_BUNDLE_IDENTIFIER = "com.csideproductions.Memento-MoriTests";
				PRODUCT_NAME = "$(TARGET_NAME)";
				SWIFT_EMIT_LOC_STRINGS = NO;
				SWIFT_VERSION = 5.0;
				TARGETED_DEVICE_FAMILY = "1,2";
				TEST_HOST = "$(BUILT_PRODUCTS_DIR)/Memento Mori.app/$(BUNDLE_EXECUTABLE_FOLDER_PATH)/Memento Mori";
			};
			name = Release;
		};
		19C263A72D07221100A3E992 /* Debug */ = {
			isa = XCBuildConfiguration;
			buildSettings = {
				CODE_SIGN_STYLE = Automatic;
				CURRENT_PROJECT_VERSION = 1;
				DEVELOPMENT_TEAM = V7HLP74XY3;
				GENERATE_INFOPLIST_FILE = YES;
				MARKETING_VERSION = 1.0;
				PRODUCT_BUNDLE_IDENTIFIER = "com.csideproductions.Memento-MoriUITests";
				PRODUCT_NAME = "$(TARGET_NAME)";
				SWIFT_EMIT_LOC_STRINGS = NO;
				SWIFT_VERSION = 5.0;
				TARGETED_DEVICE_FAMILY = "1,2";
				TEST_TARGET_NAME = "Memento Mori";
			};
			name = Debug;
		};
		19C263A82D07221100A3E992 /* Release */ = {
			isa = XCBuildConfiguration;
			buildSettings = {
				CODE_SIGN_STYLE = Automatic;
				CURRENT_PROJECT_VERSION = 1;
				DEVELOPMENT_TEAM = V7HLP74XY3;
				GENERATE_INFOPLIST_FILE = YES;
				MARKETING_VERSION = 1.0;
				PRODUCT_BUNDLE_IDENTIFIER = "com.csideproductions.Memento-MoriUITests";
				PRODUCT_NAME = "$(TARGET_NAME)";
				SWIFT_EMIT_LOC_STRINGS = NO;
				SWIFT_VERSION = 5.0;
				TARGETED_DEVICE_FAMILY = "1,2";
				TEST_TARGET_NAME = "Memento Mori";
			};
			name = Release;
		};
		19C263CE2D07E47500A3E992 /* Debug */ = {
			isa = XCBuildConfiguration;
			buildSettings = {
				ASSETCATALOG_COMPILER_GLOBAL_ACCENT_COLOR_NAME = AccentColor;
				ASSETCATALOG_COMPILER_WIDGET_BACKGROUND_COLOR_NAME = WidgetBackground;
				CODE_SIGN_ENTITLEMENTS = MementoMoriWidgetExtension.entitlements;
				CODE_SIGN_STYLE = Automatic;
				CURRENT_PROJECT_VERSION = 1;
				DEVELOPMENT_TEAM = V7HLP74XY3;
				GENERATE_INFOPLIST_FILE = YES;
				INFOPLIST_FILE = MementoMoriWidget/Info.plist;
				INFOPLIST_KEY_CFBundleDisplayName = MementoMoriWidget;
				INFOPLIST_KEY_NSHumanReadableCopyright = "";
				LD_RUNPATH_SEARCH_PATHS = (
					"$(inherited)",
					"@executable_path/Frameworks",
					"@executable_path/../../Frameworks",
				);
				MARKETING_VERSION = 1.0;
				PRODUCT_BUNDLE_IDENTIFIER = "com.csideproductions.Memento-Mori.MementoMoriWidget";
				PRODUCT_NAME = "$(TARGET_NAME)";
				SKIP_INSTALL = YES;
				SWIFT_EMIT_LOC_STRINGS = YES;
				SWIFT_VERSION = 5.0;
				TARGETED_DEVICE_FAMILY = "1,2";
			};
			name = Debug;
		};
		19C263CF2D07E47500A3E992 /* Release */ = {
			isa = XCBuildConfiguration;
			buildSettings = {
				ASSETCATALOG_COMPILER_GLOBAL_ACCENT_COLOR_NAME = AccentColor;
				ASSETCATALOG_COMPILER_WIDGET_BACKGROUND_COLOR_NAME = WidgetBackground;
				CODE_SIGN_ENTITLEMENTS = MementoMoriWidgetExtension.entitlements;
				CODE_SIGN_STYLE = Automatic;
				CURRENT_PROJECT_VERSION = 1;
				DEVELOPMENT_TEAM = V7HLP74XY3;
				GENERATE_INFOPLIST_FILE = YES;
				INFOPLIST_FILE = MementoMoriWidget/Info.plist;
				INFOPLIST_KEY_CFBundleDisplayName = MementoMoriWidget;
				INFOPLIST_KEY_NSHumanReadableCopyright = "";
				LD_RUNPATH_SEARCH_PATHS = (
					"$(inherited)",
					"@executable_path/Frameworks",
					"@executable_path/../../Frameworks",
				);
				MARKETING_VERSION = 1.0;
				PRODUCT_BUNDLE_IDENTIFIER = "com.csideproductions.Memento-Mori.MementoMoriWidget";
				PRODUCT_NAME = "$(TARGET_NAME)";
				SKIP_INSTALL = YES;
				SWIFT_EMIT_LOC_STRINGS = YES;
				SWIFT_VERSION = 5.0;
				TARGETED_DEVICE_FAMILY = "1,2";
			};
			name = Release;
		};
/* End XCBuildConfiguration section */

/* Begin XCConfigurationList section */
		19C263752D07220F00A3E992 /* Build configuration list for PBXProject "Memento Mori" */ = {
			isa = XCConfigurationList;
			buildConfigurations = (
				19C2639E2D07221100A3E992 /* Debug */,
				19C2639F2D07221100A3E992 /* Release */,
			);
			defaultConfigurationIsVisible = 0;
			defaultConfigurationName = Release;
		};
		19C263A02D07221100A3E992 /* Build configuration list for PBXNativeTarget "Memento Mori" */ = {
			isa = XCConfigurationList;
			buildConfigurations = (
				19C263A12D07221100A3E992 /* Debug */,
				19C263A22D07221100A3E992 /* Release */,
			);
			defaultConfigurationIsVisible = 0;
			defaultConfigurationName = Release;
		};
		19C263A32D07221100A3E992 /* Build configuration list for PBXNativeTarget "Memento MoriTests" */ = {
			isa = XCConfigurationList;
			buildConfigurations = (
				19C263A42D07221100A3E992 /* Debug */,
				19C263A52D07221100A3E992 /* Release */,
			);
			defaultConfigurationIsVisible = 0;
			defaultConfigurationName = Release;
		};
		19C263A62D07221100A3E992 /* Build configuration list for PBXNativeTarget "Memento MoriUITests" */ = {
			isa = XCConfigurationList;
			buildConfigurations = (
				19C263A72D07221100A3E992 /* Debug */,
				19C263A82D07221100A3E992 /* Release */,
			);
			defaultConfigurationIsVisible = 0;
			defaultConfigurationName = Release;
		};
		19C263CD2D07E47500A3E992 /* Build configuration list for PBXNativeTarget "MementoMoriWidgetExtension" */ = {
			isa = XCConfigurationList;
			buildConfigurations = (
				19C263CE2D07E47500A3E992 /* Debug */,
				19C263CF2D07E47500A3E992 /* Release */,
			);
			defaultConfigurationIsVisible = 0;
			defaultConfigurationName = Release;
		};
/* End XCConfigurationList section */
	};
	rootObject = 19C263722D07220F00A3E992 /* Project object */;
}
